// !$*UTF8*$!
{
	archiveVersion = 1;
	classes = {
	};
	objectVersion = 50;
	objects = {

/* Begin PBXBuildFile section */
		13234273242B968E00A0FD99 /* AddView.swift in Sources */ = {isa = PBXBuildFile; fileRef = 13234272242B968E00A0FD99 /* AddView.swift */; };
		13C634632429C32F007CC7FB /* AppDelegate.swift in Sources */ = {isa = PBXBuildFile; fileRef = 13C634622429C32F007CC7FB /* AppDelegate.swift */; };
		13C634652429C32F007CC7FB /* SceneDelegate.swift in Sources */ = {isa = PBXBuildFile; fileRef = 13C634642429C32F007CC7FB /* SceneDelegate.swift */; };
		13C634672429C32F007CC7FB /* ContentView.swift in Sources */ = {isa = PBXBuildFile; fileRef = 13C634662429C32F007CC7FB /* ContentView.swift */; };
		13C634692429C333007CC7FB /* Assets.xcassets in Resources */ = {isa = PBXBuildFile; fileRef = 13C634682429C333007CC7FB /* Assets.xcassets */; };
		13C6346C2429C333007CC7FB /* Preview Assets.xcassets in Resources */ = {isa = PBXBuildFile; fileRef = 13C6346B2429C333007CC7FB /* Preview Assets.xcassets */; };
		13C6346F2429C333007CC7FB /* LaunchScreen.storyboard in Resources */ = {isa = PBXBuildFile; fileRef = 13C6346D2429C333007CC7FB /* LaunchScreen.storyboard */; };
		13C6347D242B2566007CC7FB /* ExpenseItem.swift in Sources */ = {isa = PBXBuildFile; fileRef = 13C6347C242B2566007CC7FB /* ExpenseItem.swift */; };
		13C6347F242B2662007CC7FB /* Expenses.swift in Sources */ = {isa = PBXBuildFile; fileRef = 13C6347E242B2662007CC7FB /* Expenses.swift */; };
/* End PBXBuildFile section */

/* Begin PBXFileReference section */
		13234272242B968E00A0FD99 /* AddView.swift */ = {isa = PBXFileReference; lastKnownFileType = sourcecode.swift; path = AddView.swift; sourceTree = "<group>"; };
		13C6345F2429C32F007CC7FB /* iExpenseSwift.app */ = {isa = PBXFileReference; explicitFileType = wrapper.application; includeInIndex = 0; path = iExpenseSwift.app; sourceTree = BUILT_PRODUCTS_DIR; };
		13C634622429C32F007CC7FB /* AppDelegate.swift */ = {isa = PBXFileReference; lastKnownFileType = sourcecode.swift; path = AppDelegate.swift; sourceTree = "<group>"; };
		13C634642429C32F007CC7FB /* SceneDelegate.swift */ = {isa = PBXFileReference; lastKnownFileType = sourcecode.swift; path = SceneDelegate.swift; sourceTree = "<group>"; };
		13C634662429C32F007CC7FB /* ContentView.swift */ = {isa = PBXFileReference; lastKnownFileType = sourcecode.swift; path = ContentView.swift; sourceTree = "<group>"; };
		13C634682429C333007CC7FB /* Assets.xcassets */ = {isa = PBXFileReference; lastKnownFileType = folder.assetcatalog; path = Assets.xcassets; sourceTree = "<group>"; };
		13C6346B2429C333007CC7FB /* Preview Assets.xcassets */ = {isa = PBXFileReference; lastKnownFileType = folder.assetcatalog; path = "Preview Assets.xcassets"; sourceTree = "<group>"; };
		13C6346E2429C333007CC7FB /* Base */ = {isa = PBXFileReference; lastKnownFileType = file.storyboard; name = Base; path = Base.lproj/LaunchScreen.storyboard; sourceTree = "<group>"; };
		13C634702429C333007CC7FB /* Info.plist */ = {isa = PBXFileReference; lastKnownFileType = text.plist.xml; path = Info.plist; sourceTree = "<group>"; };
		13C6347C242B2566007CC7FB /* ExpenseItem.swift */ = {isa = PBXFileReference; lastKnownFileType = sourcecode.swift; path = ExpenseItem.swift; sourceTree = "<group>"; };
		13C6347E242B2662007CC7FB /* Expenses.swift */ = {isa = PBXFileReference; lastKnownFileType = sourcecode.swift; path = Expenses.swift; sourceTree = "<group>"; };
/* End PBXFileReference section */

/* Begin PBXFrameworksBuildPhase section */
		13C6345C2429C32F007CC7FB /* Frameworks */ = {
			isa = PBXFrameworksBuildPhase;
			buildActionMask = 2147483647;
			files = (
			);
			runOnlyForDeploymentPostprocessing = 0;
		};
/* End PBXFrameworksBuildPhase section */

/* Begin PBXGroup section */
		13C634562429C32F007CC7FB = {
			isa = PBXGroup;
			children = (
				13C634612429C32F007CC7FB /* iExpenseSwift */,
				13C634602429C32F007CC7FB /* Products */,
			);
			sourceTree = "<group>";
		};
		13C634602429C32F007CC7FB /* Products */ = {
			isa = PBXGroup;
			children = (
				13C6345F2429C32F007CC7FB /* iExpenseSwift.app */,
			);
			name = Products;
			sourceTree = "<group>";
		};
		13C634612429C32F007CC7FB /* iExpenseSwift */ = {
			isa = PBXGroup;
			children = (
				13C634622429C32F007CC7FB /* AppDelegate.swift */,
				13C634642429C32F007CC7FB /* SceneDelegate.swift */,
				13C634662429C32F007CC7FB /* ContentView.swift */,
				13234272242B968E00A0FD99 /* AddView.swift */,
				13C6347C242B2566007CC7FB /* ExpenseItem.swift */,
				13C6347E242B2662007CC7FB /* Expenses.swift */,
				13C634682429C333007CC7FB /* Assets.xcassets */,
				13C6346D2429C333007CC7FB /* LaunchScreen.storyboard */,
				13C634702429C333007CC7FB /* Info.plist */,
				13C6346A2429C333007CC7FB /* Preview Content */,
			);
			path = iExpenseSwift;
			sourceTree = "<group>";
		};
		13C6346A2429C333007CC7FB /* Preview Content */ = {
			isa = PBXGroup;
			children = (
				13C6346B2429C333007CC7FB /* Preview Assets.xcassets */,
			);
			path = "Preview Content";
			sourceTree = "<group>";
		};
/* End PBXGroup section */

/* Begin PBXNativeTarget section */
		13C6345E2429C32F007CC7FB /* iExpenseSwift */ = {
			isa = PBXNativeTarget;
			buildConfigurationList = 13C634732429C333007CC7FB /* Build configuration list for PBXNativeTarget "iExpenseSwift" */;
			buildPhases = (
				13C6345B2429C32F007CC7FB /* Sources */,
				13C6345C2429C32F007CC7FB /* Frameworks */,
				13C6345D2429C32F007CC7FB /* Resources */,
			);
			buildRules = (
			);
			dependencies = (
			);
			name = iExpenseSwift;
			productName = iExpenseSwift;
			productReference = 13C6345F2429C32F007CC7FB /* iExpenseSwift.app */;
			productType = "com.apple.product-type.application";
		};
/* End PBXNativeTarget section */

/* Begin PBXProject section */
		13C634572429C32F007CC7FB /* Project object */ = {
			isa = PBXProject;
			attributes = {
				LastSwiftUpdateCheck = 1130;
				LastUpgradeCheck = 1130;
				ORGANIZATIONNAME = jiho;
				TargetAttributes = {
					13C6345E2429C32F007CC7FB = {
						CreatedOnToolsVersion = 11.3.1;
					};
				};
			};
			buildConfigurationList = 13C6345A2429C32F007CC7FB /* Build configuration list for PBXProject "iExpenseSwift" */;
			compatibilityVersion = "Xcode 9.3";
			developmentRegion = en;
			hasScannedForEncodings = 0;
			knownRegions = (
				en,
				Base,
			);
			mainGroup = 13C634562429C32F007CC7FB;
			productRefGroup = 13C634602429C32F007CC7FB /* Products */;
			projectDirPath = "";
			projectRoot = "";
			targets = (
				13C6345E2429C32F007CC7FB /* iExpenseSwift */,
			);
		};
/* End PBXProject section */

/* Begin PBXResourcesBuildPhase section */
		13C6345D2429C32F007CC7FB /* Resources */ = {
			isa = PBXResourcesBuildPhase;
			buildActionMask = 2147483647;
			files = (
				13C6346F2429C333007CC7FB /* LaunchScreen.storyboard in Resources */,
				13C6346C2429C333007CC7FB /* Preview Assets.xcassets in Resources */,
				13C634692429C333007CC7FB /* Assets.xcassets in Resources */,
			);
			runOnlyForDeploymentPostprocessing = 0;
		};
/* End PBXResourcesBuildPhase section */

/* Begin PBXSourcesBuildPhase section */
		13C6345B2429C32F007CC7FB /* Sources */ = {
			isa = PBXSourcesBuildPhase;
			buildActionMask = 2147483647;
			files = (
				13C6347F242B2662007CC7FB /* Expenses.swift in Sources */,
				13C634632429C32F007CC7FB /* AppDelegate.swift in Sources */,
				13234273242B968E00A0FD99 /* AddView.swift in Sources */,
				13C6347D242B2566007CC7FB /* ExpenseItem.swift in Sources */,
				13C634652429C32F007CC7FB /* SceneDelegate.swift in Sources */,
				13C634672429C32F007CC7FB /* ContentView.swift in Sources */,
			);
			runOnlyForDeploymentPostprocessing = 0;
		};
/* End PBXSourcesBuildPhase section */

/* Begin PBXVariantGroup section */
		13C6346D2429C333007CC7FB /* LaunchScreen.storyboard */ = {
			isa = PBXVariantGroup;
			children = (
				13C6346E2429C333007CC7FB /* Base */,
			);
			name = LaunchScreen.storyboard;
			sourceTree = "<group>";
		};
/* End PBXVariantGroup section */

/* Begin XCBuildConfiguration section */
		13C634712429C333007CC7FB /* Debug */ = {
			isa = XCBuildConfiguration;
			buildSettings = {
				ALWAYS_SEARCH_USER_PATHS = NO;
				CLANG_ANALYZER_NONNULL = YES;
				CLANG_ANALYZER_NUMBER_OBJECT_CONVERSION = YES_AGGRESSIVE;
				CLANG_CXX_LANGUAGE_STANDARD = "gnu++14";
				CLANG_CXX_LIBRARY = "libc++";
				CLANG_ENABLE_MODULES = YES;
				CLANG_ENABLE_OBJC_ARC = YES;
				CLANG_ENABLE_OBJC_WEAK = YES;
				CLANG_WARN_BLOCK_CAPTURE_AUTORELEASING = YES;
				CLANG_WARN_BOOL_CONVERSION = YES;
				CLANG_WARN_COMMA = YES;
				CLANG_WARN_CONSTANT_CONVERSION = YES;
				CLANG_WARN_DEPRECATED_OBJC_IMPLEMENTATIONS = YES;
				CLANG_WARN_DIRECT_OBJC_ISA_USAGE = YES_ERROR;
				CLANG_WARN_DOCUMENTATION_COMMENTS = YES;
				CLANG_WARN_EMPTY_BODY = YES;
				CLANG_WARN_ENUM_CONVERSION = YES;
				CLANG_WARN_INFINITE_RECURSION = YES;
				CLANG_WARN_INT_CONVERSION = YES;
				CLANG_WARN_NON_LITERAL_NULL_CONVERSION = YES;
				CLANG_WARN_OBJC_IMPLICIT_RETAIN_SELF = YES;
				CLANG_WARN_OBJC_LITERAL_CONVERSION = YES;
				CLANG_WARN_OBJC_ROOT_CLASS = YES_ERROR;
				CLANG_WARN_RANGE_LOOP_ANALYSIS = YES;
				CLANG_WARN_STRICT_PROTOTYPES = YES;
				CLANG_WARN_SUSPICIOUS_MOVE = YES;
				CLANG_WARN_UNGUARDED_AVAILABILITY = YES_AGGRESSIVE;
				CLANG_WARN_UNREACHABLE_CODE = YES;
				CLANG_WARN__DUPLICATE_METHOD_MATCH = YES;
				COPY_PHASE_STRIP = NO;
				DEBUG_INFORMATION_FORMAT = dwarf;
				ENABLE_STRICT_OBJC_MSGSEND = YES;
				ENABLE_TESTABILITY = YES;
				GCC_C_LANGUAGE_STANDARD = gnu11;
				GCC_DYNAMIC_NO_PIC = NO;
				GCC_NO_COMMON_BLOCKS = YES;
				GCC_OPTIMIZATION_LEVEL = 0;
				GCC_PREPROCESSOR_DEFINITIONS = (
					"DEBUG=1",
					"$(inherited)",
				);
				GCC_WARN_64_TO_32_BIT_CONVERSION = YES;
				GCC_WARN_ABOUT_RETURN_TYPE = YES_ERROR;
				GCC_WARN_UNDECLARED_SELECTOR = YES;
				GCC_WARN_UNINITIALIZED_AUTOS = YES_AGGRESSIVE;
				GCC_WARN_UNUSED_FUNCTION = YES;
				GCC_WARN_UNUSED_VARIABLE = YES;
				IPHONEOS_DEPLOYMENT_TARGET = 13.2;
				MTL_ENABLE_DEBUG_INFO = INCLUDE_SOURCE;
				MTL_FAST_MATH = YES;
				ONLY_ACTIVE_ARCH = YES;
				SDKROOT = iphoneos;
				SWIFT_ACTIVE_COMPILATION_CONDITIONS = DEBUG;
				SWIFT_OPTIMIZATION_LEVEL = "-Onone";
			};
			name = Debug;
		};
		13C634722429C333007CC7FB /* Release */ = {
			isa = XCBuildConfiguration;
			buildSettings = {
				ALWAYS_SEARCH_USER_PATHS = NO;
				CLANG_ANALYZER_NONNULL = YES;
				CLANG_ANALYZER_NUMBER_OBJECT_CONVERSION = YES_AGGRESSIVE;
				CLANG_CXX_LANGUAGE_STANDARD = "gnu++14";
				CLANG_CXX_LIBRARY = "libc++";
				CLANG_ENABLE_MODULES = YES;
				CLANG_ENABLE_OBJC_ARC = YES;
				CLANG_ENABLE_OBJC_WEAK = YES;
				CLANG_WARN_BLOCK_CAPTURE_AUTORELEASING = YES;
				CLANG_WARN_BOOL_CONVERSION = YES;
				CLANG_WARN_COMMA = YES;
				CLANG_WARN_CONSTANT_CONVERSION = YES;
				CLANG_WARN_DEPRECATED_OBJC_IMPLEMENTATIONS = YES;
				CLANG_WARN_DIRECT_OBJC_ISA_USAGE = YES_ERROR;
				CLANG_WARN_DOCUMENTATION_COMMENTS = YES;
				CLANG_WARN_EMPTY_BODY = YES;
				CLANG_WARN_ENUM_CONVERSION = YES;
				CLANG_WARN_INFINITE_RECURSION = YES;
				CLANG_WARN_INT_CONVERSION = YES;
				CLANG_WARN_NON_LITERAL_NULL_CONVERSION = YES;
				CLANG_WARN_OBJC_IMPLICIT_RETAIN_SELF = YES;
				CLANG_WARN_OBJC_LITERAL_CONVERSION = YES;
				CLANG_WARN_OBJC_ROOT_CLASS = YES_ERROR;
				CLANG_WARN_RANGE_LOOP_ANALYSIS = YES;
				CLANG_WARN_STRICT_PROTOTYPES = YES;
				CLANG_WARN_SUSPICIOUS_MOVE = YES;
				CLANG_WARN_UNGUARDED_AVAILABILITY = YES_AGGRESSIVE;
				CLANG_WARN_UNREACHABLE_CODE = YES;
				CLANG_WARN__DUPLICATE_METHOD_MATCH = YES;
				COPY_PHASE_STRIP = NO;
				DEBUG_INFORMATION_FORMAT = "dwarf-with-dsym";
				ENABLE_NS_ASSERTIONS = NO;
				ENABLE_STRICT_OBJC_MSGSEND = YES;
				GCC_C_LANGUAGE_STANDARD = gnu11;
				GCC_NO_COMMON_BLOCKS = YES;
				GCC_WARN_64_TO_32_BIT_CONVERSION = YES;
				GCC_WARN_ABOUT_RETURN_TYPE = YES_ERROR;
				GCC_WARN_UNDECLARED_SELECTOR = YES;
				GCC_WARN_UNINITIALIZED_AUTOS = YES_AGGRESSIVE;
				GCC_WARN_UNUSED_FUNCTION = YES;
				GCC_WARN_UNUSED_VARIABLE = YES;
				IPHONEOS_DEPLOYMENT_TARGET = 13.2;
				MTL_ENABLE_DEBUG_INFO = NO;
				MTL_FAST_MATH = YES;
				SDKROOT = iphoneos;
				SWIFT_COMPILATION_MODE = wholemodule;
				SWIFT_OPTIMIZATION_LEVEL = "-O";
				VALIDATE_PRODUCT = YES;
			};
			name = Release;
		};
		13C634742429C333007CC7FB /* Debug */ = {
			isa = XCBuildConfiguration;
			buildSettings = {
				ASSETCATALOG_COMPILER_APPICON_NAME = AppIcon;
				CODE_SIGN_STYLE = Automatic;
				DEVELOPMENT_ASSET_PATHS = "\"iExpenseSwift/Preview Content\"";
				ENABLE_PREVIEWS = YES;
				INFOPLIST_FILE = iExpenseSwift/Info.plist;
				LD_RUNPATH_SEARCH_PATHS = (
					"$(inherited)",
					"@executable_path/Frameworks",
				);
				PRODUCT_BUNDLE_IDENTIFIER = me.jiho.iExpenseSwift;
				PRODUCT_NAME = "$(TARGET_NAME)";
				SWIFT_VERSION = 5.0;
				TARGETED_DEVICE_FAMILY = "1,2";
			};
			name = Debug;
		};
		13C634752429C333007CC7FB /* Release */ = {
			isa = XCBuildConfiguration;
			buildSettings = {
				ASSETCATALOG_COMPILER_APPICON_NAME = AppIcon;
				CODE_SIGN_STYLE = Automatic;
				DEVELOPMENT_ASSET_PATHS = "\"iExpenseSwift/Preview Content\"";
				ENABLE_PREVIEWS = YES;
				INFOPLIST_FILE = iExpenseSwift/Info.plist;
				LD_RUNPATH_SEARCH_PATHS = (
					"$(inherited)",
					"@executable_path/Frameworks",
				);
				PRODUCT_BUNDLE_IDENTIFIER = me.jiho.iExpenseSwift;
				PRODUCT_NAME = "$(TARGET_NAME)";
				SWIFT_VERSION = 5.0;
				TARGETED_DEVICE_FAMILY = "1,2";
			};
			name = Release;
		};
/* End XCBuildConfiguration section */

/* Begin XCConfigurationList section */
		13C6345A2429C32F007CC7FB /* Build configuration list for PBXProject "iExpenseSwift" */ = {
			isa = XCConfigurationList;
			buildConfigurations = (
				13C634712429C333007CC7FB /* Debug */,
				13C634722429C333007CC7FB /* Release */,
			);
			defaultConfigurationIsVisible = 0;
			defaultConfigurationName = Release;
		};
		13C634732429C333007CC7FB /* Build configuration list for PBXNativeTarget "iExpenseSwift" */ = {
			isa = XCConfigurationList;
			buildConfigurations = (
				13C634742429C333007CC7FB /* Debug */,
				13C634752429C333007CC7FB /* Release */,
			);
			defaultConfigurationIsVisible = 0;
			defaultConfigurationName = Release;
		};
/* End XCConfigurationList section */
	};
	rootObject = 13C634572429C32F007CC7FB /* Project object */;
}
