// !$*UTF8*$!
{
	archiveVersion = 1;
	classes = {
	};
	objectVersion = 50;
	objects = {

/* Begin PBXBuildFile section */
		1378770D243C09670041031F /* AppDelegate.swift in Sources */ = {isa = PBXBuildFile; fileRef = 1378770C243C09670041031F /* AppDelegate.swift */; };
		1378770F243C09670041031F /* SceneDelegate.swift in Sources */ = {isa = PBXBuildFile; fileRef = 1378770E243C09670041031F /* SceneDelegate.swift */; };
		13787712243C09670041031F /* BookwormSwift.xcdatamodeld in Sources */ = {isa = PBXBuildFile; fileRef = 13787710243C09670041031F /* BookwormSwift.xcdatamodeld */; };
		13787714243C09670041031F /* ContentView.swift in Sources */ = {isa = PBXBuildFile; fileRef = 13787713243C09670041031F /* ContentView.swift */; };
		13787716243C096A0041031F /* Assets.xcassets in Resources */ = {isa = PBXBuildFile; fileRef = 13787715243C096A0041031F /* Assets.xcassets */; };
		13787719243C096A0041031F /* Preview Assets.xcassets in Resources */ = {isa = PBXBuildFile; fileRef = 13787718243C096A0041031F /* Preview Assets.xcassets */; };
		1378771C243C096A0041031F /* LaunchScreen.storyboard in Resources */ = {isa = PBXBuildFile; fileRef = 1378771A243C096A0041031F /* LaunchScreen.storyboard */; };
		13787726243D56A60041031F /* AddBookView.swift in Sources */ = {isa = PBXBuildFile; fileRef = 13787725243D56A60041031F /* AddBookView.swift */; };
		13F5AB36243D62D90055383E /* RatingView.swift in Sources */ = {isa = PBXBuildFile; fileRef = 13F5AB35243D62D90055383E /* RatingView.swift */; };
		13F5AB38243D69F30055383E /* EmojiRatingView.swift in Sources */ = {isa = PBXBuildFile; fileRef = 13F5AB37243D69F30055383E /* EmojiRatingView.swift */; };
/* End PBXBuildFile section */

/* Begin PBXFileReference section */
		13787709243C09670041031F /* BookwormSwift.app */ = {isa = PBXFileReference; explicitFileType = wrapper.application; includeInIndex = 0; path = BookwormSwift.app; sourceTree = BUILT_PRODUCTS_DIR; };
		1378770C243C09670041031F /* AppDelegate.swift */ = {isa = PBXFileReference; lastKnownFileType = sourcecode.swift; path = AppDelegate.swift; sourceTree = "<group>"; };
		1378770E243C09670041031F /* SceneDelegate.swift */ = {isa = PBXFileReference; lastKnownFileType = sourcecode.swift; path = SceneDelegate.swift; sourceTree = "<group>"; };
		13787711243C09670041031F /* BookwormSwift.xcdatamodel */ = {isa = PBXFileReference; lastKnownFileType = wrapper.xcdatamodel; path = BookwormSwift.xcdatamodel; sourceTree = "<group>"; };
		13787713243C09670041031F /* ContentView.swift */ = {isa = PBXFileReference; lastKnownFileType = sourcecode.swift; path = ContentView.swift; sourceTree = "<group>"; };
		13787715243C096A0041031F /* Assets.xcassets */ = {isa = PBXFileReference; lastKnownFileType = folder.assetcatalog; path = Assets.xcassets; sourceTree = "<group>"; };
		13787718243C096A0041031F /* Preview Assets.xcassets */ = {isa = PBXFileReference; lastKnownFileType = folder.assetcatalog; path = "Preview Assets.xcassets"; sourceTree = "<group>"; };
		1378771B243C096A0041031F /* Base */ = {isa = PBXFileReference; lastKnownFileType = file.storyboard; name = Base; path = Base.lproj/LaunchScreen.storyboard; sourceTree = "<group>"; };
		1378771D243C096A0041031F /* Info.plist */ = {isa = PBXFileReference; lastKnownFileType = text.plist.xml; path = Info.plist; sourceTree = "<group>"; };
		13787725243D56A60041031F /* AddBookView.swift */ = {isa = PBXFileReference; lastKnownFileType = sourcecode.swift; path = AddBookView.swift; sourceTree = "<group>"; };
		13F5AB35243D62D90055383E /* RatingView.swift */ = {isa = PBXFileReference; lastKnownFileType = sourcecode.swift; path = RatingView.swift; sourceTree = "<group>"; };
		13F5AB37243D69F30055383E /* EmojiRatingView.swift */ = {isa = PBXFileReference; lastKnownFileType = sourcecode.swift; path = EmojiRatingView.swift; sourceTree = "<group>"; };
/* End PBXFileReference section */

/* Begin PBXFrameworksBuildPhase section */
		13787706243C09670041031F /* Frameworks */ = {
			isa = PBXFrameworksBuildPhase;
			buildActionMask = 2147483647;
			files = (
			);
			runOnlyForDeploymentPostprocessing = 0;
		};
/* End PBXFrameworksBuildPhase section */

/* Begin PBXGroup section */
		13787700243C09670041031F = {
			isa = PBXGroup;
			children = (
				1378770B243C09670041031F /* BookwormSwift */,
				1378770A243C09670041031F /* Products */,
			);
			sourceTree = "<group>";
		};
		1378770A243C09670041031F /* Products */ = {
			isa = PBXGroup;
			children = (
				13787709243C09670041031F /* BookwormSwift.app */,
			);
			name = Products;
			sourceTree = "<group>";
		};
		1378770B243C09670041031F /* BookwormSwift */ = {
			isa = PBXGroup;
			children = (
				1378770C243C09670041031F /* AppDelegate.swift */,
				1378770E243C09670041031F /* SceneDelegate.swift */,
				13787713243C09670041031F /* ContentView.swift */,
				13787725243D56A60041031F /* AddBookView.swift */,
				13F5AB35243D62D90055383E /* RatingView.swift */,
				13F5AB37243D69F30055383E /* EmojiRatingView.swift */,
				13787715243C096A0041031F /* Assets.xcassets */,
				1378771A243C096A0041031F /* LaunchScreen.storyboard */,
				1378771D243C096A0041031F /* Info.plist */,
				13787710243C09670041031F /* BookwormSwift.xcdatamodeld */,
				13787717243C096A0041031F /* Preview Content */,
			);
			path = BookwormSwift;
			sourceTree = "<group>";
		};
		13787717243C096A0041031F /* Preview Content */ = {
			isa = PBXGroup;
			children = (
				13787718243C096A0041031F /* Preview Assets.xcassets */,
			);
			path = "Preview Content";
			sourceTree = "<group>";
		};
/* End PBXGroup section */

/* Begin PBXNativeTarget section */
		13787708243C09670041031F /* BookwormSwift */ = {
			isa = PBXNativeTarget;
			buildConfigurationList = 13787720243C096A0041031F /* Build configuration list for PBXNativeTarget "BookwormSwift" */;
			buildPhases = (
				13787705243C09670041031F /* Sources */,
				13787706243C09670041031F /* Frameworks */,
				13787707243C09670041031F /* Resources */,
			);
			buildRules = (
			);
			dependencies = (
			);
			name = BookwormSwift;
			productName = BookwormSwift;
			productReference = 13787709243C09670041031F /* BookwormSwift.app */;
			productType = "com.apple.product-type.application";
		};
/* End PBXNativeTarget section */

/* Begin PBXProject section */
		13787701243C09670041031F /* Project object */ = {
			isa = PBXProject;
			attributes = {
				LastSwiftUpdateCheck = 1130;
				LastUpgradeCheck = 1130;
				ORGANIZATIONNAME = jiho;
				TargetAttributes = {
					13787708243C09670041031F = {
						CreatedOnToolsVersion = 11.3.1;
					};
				};
			};
			buildConfigurationList = 13787704243C09670041031F /* Build configuration list for PBXProject "BookwormSwift" */;
			compatibilityVersion = "Xcode 9.3";
			developmentRegion = en;
			hasScannedForEncodings = 0;
			knownRegions = (
				en,
				Base,
			);
			mainGroup = 13787700243C09670041031F;
			productRefGroup = 1378770A243C09670041031F /* Products */;
			projectDirPath = "";
			projectRoot = "";
			targets = (
				13787708243C09670041031F /* BookwormSwift */,
			);
		};
/* End PBXProject section */

/* Begin PBXResourcesBuildPhase section */
		13787707243C09670041031F /* Resources */ = {
			isa = PBXResourcesBuildPhase;
			buildActionMask = 2147483647;
			files = (
				1378771C243C096A0041031F /* LaunchScreen.storyboard in Resources */,
				13787719243C096A0041031F /* Preview Assets.xcassets in Resources */,
				13787716243C096A0041031F /* Assets.xcassets in Resources */,
			);
			runOnlyForDeploymentPostprocessing = 0;
		};
/* End PBXResourcesBuildPhase section */

/* Begin PBXSourcesBuildPhase section */
		13787705243C09670041031F /* Sources */ = {
			isa = PBXSourcesBuildPhase;
			buildActionMask = 2147483647;
			files = (
				13787712243C09670041031F /* BookwormSwift.xcdatamodeld in Sources */,
				1378770D243C09670041031F /* AppDelegate.swift in Sources */,
				13F5AB38243D69F30055383E /* EmojiRatingView.swift in Sources */,
				13787714243C09670041031F /* ContentView.swift in Sources */,
				13F5AB36243D62D90055383E /* RatingView.swift in Sources */,
				1378770F243C09670041031F /* SceneDelegate.swift in Sources */,
				13787726243D56A60041031F /* AddBookView.swift in Sources */,
			);
			runOnlyForDeploymentPostprocessing = 0;
		};
/* End PBXSourcesBuildPhase section */

/* Begin PBXVariantGroup section */
		1378771A243C096A0041031F /* LaunchScreen.storyboard */ = {
			isa = PBXVariantGroup;
			children = (
				1378771B243C096A0041031F /* Base */,
			);
			name = LaunchScreen.storyboard;
			sourceTree = "<group>";
		};
/* End PBXVariantGroup section */

/* Begin XCBuildConfiguration section */
		1378771E243C096A0041031F /* Debug */ = {
			isa = XCBuildConfiguration;
			buildSettings = {
				ALWAYS_SEARCH_USER_PATHS = NO;
				CLANG_ANALYZER_NONNULL = YES;
				CLANG_ANALYZER_NUMBER_OBJECT_CONVERSION = YES_AGGRESSIVE;
				CLANG_CXX_LANGUAGE_STANDARD = "gnu++14";
				CLANG_CXX_LIBRARY = "libc++";
				CLANG_ENABLE_MODULES = YES;
				CLANG_ENABLE_OBJC_ARC = YES;
				CLANG_ENABLE_OBJC_WEAK = YES;
				CLANG_WARN_BLOCK_CAPTURE_AUTORELEASING = YES;
				CLANG_WARN_BOOL_CONVERSION = YES;
				CLANG_WARN_COMMA = YES;
				CLANG_WARN_CONSTANT_CONVERSION = YES;
				CLANG_WARN_DEPRECATED_OBJC_IMPLEMENTATIONS = YES;
				CLANG_WARN_DIRECT_OBJC_ISA_USAGE = YES_ERROR;
				CLANG_WARN_DOCUMENTATION_COMMENTS = YES;
				CLANG_WARN_EMPTY_BODY = YES;
				CLANG_WARN_ENUM_CONVERSION = YES;
				CLANG_WARN_INFINITE_RECURSION = YES;
				CLANG_WARN_INT_CONVERSION = YES;
				CLANG_WARN_NON_LITERAL_NULL_CONVERSION = YES;
				CLANG_WARN_OBJC_IMPLICIT_RETAIN_SELF = YES;
				CLANG_WARN_OBJC_LITERAL_CONVERSION = YES;
				CLANG_WARN_OBJC_ROOT_CLASS = YES_ERROR;
				CLANG_WARN_RANGE_LOOP_ANALYSIS = YES;
				CLANG_WARN_STRICT_PROTOTYPES = YES;
				CLANG_WARN_SUSPICIOUS_MOVE = YES;
				CLANG_WARN_UNGUARDED_AVAILABILITY = YES_AGGRESSIVE;
				CLANG_WARN_UNREACHABLE_CODE = YES;
				CLANG_WARN__DUPLICATE_METHOD_MATCH = YES;
				COPY_PHASE_STRIP = NO;
				DEBUG_INFORMATION_FORMAT = dwarf;
				ENABLE_STRICT_OBJC_MSGSEND = YES;
				ENABLE_TESTABILITY = YES;
				GCC_C_LANGUAGE_STANDARD = gnu11;
				GCC_DYNAMIC_NO_PIC = NO;
				GCC_NO_COMMON_BLOCKS = YES;
				GCC_OPTIMIZATION_LEVEL = 0;
				GCC_PREPROCESSOR_DEFINITIONS = (
					"DEBUG=1",
					"$(inherited)",
				);
				GCC_WARN_64_TO_32_BIT_CONVERSION = YES;
				GCC_WARN_ABOUT_RETURN_TYPE = YES_ERROR;
				GCC_WARN_UNDECLARED_SELECTOR = YES;
				GCC_WARN_UNINITIALIZED_AUTOS = YES_AGGRESSIVE;
				GCC_WARN_UNUSED_FUNCTION = YES;
				GCC_WARN_UNUSED_VARIABLE = YES;
				IPHONEOS_DEPLOYMENT_TARGET = 13.2;
				MTL_ENABLE_DEBUG_INFO = INCLUDE_SOURCE;
				MTL_FAST_MATH = YES;
				ONLY_ACTIVE_ARCH = YES;
				SDKROOT = iphoneos;
				SWIFT_ACTIVE_COMPILATION_CONDITIONS = DEBUG;
				SWIFT_OPTIMIZATION_LEVEL = "-Onone";
			};
			name = Debug;
		};
		1378771F243C096A0041031F /* Release */ = {
			isa = XCBuildConfiguration;
			buildSettings = {
				ALWAYS_SEARCH_USER_PATHS = NO;
				CLANG_ANALYZER_NONNULL = YES;
				CLANG_ANALYZER_NUMBER_OBJECT_CONVERSION = YES_AGGRESSIVE;
				CLANG_CXX_LANGUAGE_STANDARD = "gnu++14";
				CLANG_CXX_LIBRARY = "libc++";
				CLANG_ENABLE_MODULES = YES;
				CLANG_ENABLE_OBJC_ARC = YES;
				CLANG_ENABLE_OBJC_WEAK = YES;
				CLANG_WARN_BLOCK_CAPTURE_AUTORELEASING = YES;
				CLANG_WARN_BOOL_CONVERSION = YES;
				CLANG_WARN_COMMA = YES;
				CLANG_WARN_CONSTANT_CONVERSION = YES;
				CLANG_WARN_DEPRECATED_OBJC_IMPLEMENTATIONS = YES;
				CLANG_WARN_DIRECT_OBJC_ISA_USAGE = YES_ERROR;
				CLANG_WARN_DOCUMENTATION_COMMENTS = YES;
				CLANG_WARN_EMPTY_BODY = YES;
				CLANG_WARN_ENUM_CONVERSION = YES;
				CLANG_WARN_INFINITE_RECURSION = YES;
				CLANG_WARN_INT_CONVERSION = YES;
				CLANG_WARN_NON_LITERAL_NULL_CONVERSION = YES;
				CLANG_WARN_OBJC_IMPLICIT_RETAIN_SELF = YES;
				CLANG_WARN_OBJC_LITERAL_CONVERSION = YES;
				CLANG_WARN_OBJC_ROOT_CLASS = YES_ERROR;
				CLANG_WARN_RANGE_LOOP_ANALYSIS = YES;
				CLANG_WARN_STRICT_PROTOTYPES = YES;
				CLANG_WARN_SUSPICIOUS_MOVE = YES;
				CLANG_WARN_UNGUARDED_AVAILABILITY = YES_AGGRESSIVE;
				CLANG_WARN_UNREACHABLE_CODE = YES;
				CLANG_WARN__DUPLICATE_METHOD_MATCH = YES;
				COPY_PHASE_STRIP = NO;
				DEBUG_INFORMATION_FORMAT = "dwarf-with-dsym";
				ENABLE_NS_ASSERTIONS = NO;
				ENABLE_STRICT_OBJC_MSGSEND = YES;
				GCC_C_LANGUAGE_STANDARD = gnu11;
				GCC_NO_COMMON_BLOCKS = YES;
				GCC_WARN_64_TO_32_BIT_CONVERSION = YES;
				GCC_WARN_ABOUT_RETURN_TYPE = YES_ERROR;
				GCC_WARN_UNDECLARED_SELECTOR = YES;
				GCC_WARN_UNINITIALIZED_AUTOS = YES_AGGRESSIVE;
				GCC_WARN_UNUSED_FUNCTION = YES;
				GCC_WARN_UNUSED_VARIABLE = YES;
				IPHONEOS_DEPLOYMENT_TARGET = 13.2;
				MTL_ENABLE_DEBUG_INFO = NO;
				MTL_FAST_MATH = YES;
				SDKROOT = iphoneos;
				SWIFT_COMPILATION_MODE = wholemodule;
				SWIFT_OPTIMIZATION_LEVEL = "-O";
				VALIDATE_PRODUCT = YES;
			};
			name = Release;
		};
		13787721243C096A0041031F /* Debug */ = {
			isa = XCBuildConfiguration;
			buildSettings = {
				ASSETCATALOG_COMPILER_APPICON_NAME = AppIcon;
				CODE_SIGN_STYLE = Automatic;
				DEVELOPMENT_ASSET_PATHS = "\"BookwormSwift/Preview Content\"";
				ENABLE_PREVIEWS = YES;
				INFOPLIST_FILE = BookwormSwift/Info.plist;
				LD_RUNPATH_SEARCH_PATHS = (
					"$(inherited)",
					"@executable_path/Frameworks",
				);
				PRODUCT_BUNDLE_IDENTIFIER = me.jiho.BookwormSwift;
				PRODUCT_NAME = "$(TARGET_NAME)";
				SWIFT_VERSION = 5.0;
				TARGETED_DEVICE_FAMILY = "1,2";
			};
			name = Debug;
		};
		13787722243C096A0041031F /* Release */ = {
			isa = XCBuildConfiguration;
			buildSettings = {
				ASSETCATALOG_COMPILER_APPICON_NAME = AppIcon;
				CODE_SIGN_STYLE = Automatic;
				DEVELOPMENT_ASSET_PATHS = "\"BookwormSwift/Preview Content\"";
				ENABLE_PREVIEWS = YES;
				INFOPLIST_FILE = BookwormSwift/Info.plist;
				LD_RUNPATH_SEARCH_PATHS = (
					"$(inherited)",
					"@executable_path/Frameworks",
				);
				PRODUCT_BUNDLE_IDENTIFIER = me.jiho.BookwormSwift;
				PRODUCT_NAME = "$(TARGET_NAME)";
				SWIFT_VERSION = 5.0;
				TARGETED_DEVICE_FAMILY = "1,2";
			};
			name = Release;
		};
/* End XCBuildConfiguration section */

/* Begin XCConfigurationList section */
		13787704243C09670041031F /* Build configuration list for PBXProject "BookwormSwift" */ = {
			isa = XCConfigurationList;
			buildConfigurations = (
				1378771E243C096A0041031F /* Debug */,
				1378771F243C096A0041031F /* Release */,
			);
			defaultConfigurationIsVisible = 0;
			defaultConfigurationName = Release;
		};
		13787720243C096A0041031F /* Build configuration list for PBXNativeTarget "BookwormSwift" */ = {
			isa = XCConfigurationList;
			buildConfigurations = (
				13787721243C096A0041031F /* Debug */,
				13787722243C096A0041031F /* Release */,
			);
			defaultConfigurationIsVisible = 0;
			defaultConfigurationName = Release;
		};
/* End XCConfigurationList section */

/* Begin XCVersionGroup section */
		13787710243C09670041031F /* BookwormSwift.xcdatamodeld */ = {
			isa = XCVersionGroup;
			children = (
				13787711243C09670041031F /* BookwormSwift.xcdatamodel */,
			);
			currentVersion = 13787711243C09670041031F /* BookwormSwift.xcdatamodel */;
			path = BookwormSwift.xcdatamodeld;
			sourceTree = "<group>";
			versionGroupType = wrapper.xcdatamodel;
		};
/* End XCVersionGroup section */
	};
	rootObject = 13787701243C09670041031F /* Project object */;
}
